
Microsoft Visual Studio Solution File, Format Version 12.00
# Visual Studio Version 17
VisualStudioVersion = 17.6.33801.468
MinimumVisualStudioVersion = 10.0.40219.1
Project("{FAE04EC0-301F-11D3-BF4B-00C04F79EFBC}") = "SliceOfItalyApplication.UWP", "SliceOfItalyApplication\SliceOfItalyApplication.UWP\SliceOfItalyApplication.UWP.csproj", "{172BB398-186E-4274-A7AA-53F785555456}"
EndProject
Project("{FAE04EC0-301F-11D3-BF4B-00C04F79EFBC}") = "SliceOfItalyApplication.Android", "SliceOfItalyApplication\SliceOfItalyApplication.Android\SliceOfItalyApplication.Android.csproj", "{F2CFF215-8B91-44FB-9563-7BB8E79B2D16}"
EndProject
Project("{FAE04EC0-301F-11D3-BF4B-00C04F79EFBC}") = "SliceOfItalyApplication.iOS", "SliceOfItalyApplication\SliceOfItalyApplication.iOS\SliceOfItalyApplication.iOS.csproj", "{31A05FEE-0EDC-4205-BEE1-C2EBD0E7DEDF}"
EndProject
Project("{FAE04EC0-301F-11D3-BF4B-00C04F79EFBC}") = "SliceOfItalyApplication", "SliceOfItalyApplication\SliceOfItalyApplication\SliceOfItalyApplication.csproj", "{7243E63E-BAAA-4FDA-811A-07A1B56749F1}"
EndProject
Global
	GlobalSection(SolutionConfigurationPlatforms) = preSolution
		Debug|Any CPU = Debug|Any CPU
		Debug|ARM = Debug|ARM
		Debug|iPhone = Debug|iPhone
		Debug|iPhoneSimulator = Debug|iPhoneSimulator
		Debug|x64 = Debug|x64
		Debug|x86 = Debug|x86
		Release|Any CPU = Release|Any CPU
		Release|ARM = Release|ARM
		Release|iPhone = Release|iPhone
		Release|iPhoneSimulator = Release|iPhoneSimulator
		Release|x64 = Release|x64
		Release|x86 = Release|x86
	EndGlobalSection
	GlobalSection(ProjectConfigurationPlatforms) = postSolution
		{172BB398-186E-4274-A7AA-53F785555456}.Debug|Any CPU.ActiveCfg = Debug|x64
		{172BB398-186E-4274-A7AA-53F785555456}.Debug|Any CPU.Build.0 = Debug|x64
		{172BB398-186E-4274-A7AA-53F785555456}.Debug|Any CPU.Deploy.0 = Debug|x64
		{172BB398-186E-4274-A7AA-53F785555456}.Debug|ARM.ActiveCfg = Debug|ARM
		{172BB398-186E-4274-A7AA-53F785555456}.Debug|ARM.Build.0 = Debug|ARM
		{172BB398-186E-4274-A7AA-53F785555456}.Debug|ARM.Deploy.0 = Debug|ARM
		{172BB398-186E-4274-A7AA-53F785555456}.Debug|iPhone.ActiveCfg = Debug|x64
		{172BB398-186E-4274-A7AA-53F785555456}.Debug|iPhone.Build.0 = Debug|x64
		{172BB398-186E-4274-A7AA-53F785555456}.Debug|iPhone.Deploy.0 = Debug|x64
		{172BB398-186E-4274-A7AA-53F785555456}.Debug|iPhoneSimulator.ActiveCfg = Debug|x64
		{172BB398-186E-4274-A7AA-53F785555456}.Debug|iPhoneSimulator.Build.0 = Debug|x64
		{172BB398-186E-4274-A7AA-53F785555456}.Debug|iPhoneSimulator.Deploy.0 = Debug|x64
		{172BB398-186E-4274-A7AA-53F785555456}.Debug|x64.ActiveCfg = Debug|x64
		{172BB398-186E-4274-A7AA-53F785555456}.Debug|x64.Build.0 = Debug|x64
		{172BB398-186E-4274-A7AA-53F785555456}.Debug|x64.Deploy.0 = Debug|x64
		{172BB398-186E-4274-A7AA-53F785555456}.Debug|x86.ActiveCfg = Debug|x86
		{172BB398-186E-4274-A7AA-53F785555456}.Debug|x86.Build.0 = Debug|x86
		{172BB398-186E-4274-A7AA-53F785555456}.Debug|x86.Deploy.0 = Debug|x86
		{172BB398-186E-4274-A7AA-53F785555456}.Release|Any CPU.ActiveCfg = Release|x64
		{172BB398-186E-4274-A7AA-53F785555456}.Release|Any CPU.Build.0 = Release|x64
		{172BB398-186E-4274-A7AA-53F785555456}.Release|Any CPU.Deploy.0 = Release|x64
		{172BB398-186E-4274-A7AA-53F785555456}.Release|ARM.ActiveCfg = Release|ARM
		{172BB398-186E-4274-A7AA-53F785555456}.Release|ARM.Build.0 = Release|ARM
		{172BB398-186E-4274-A7AA-53F785555456}.Release|ARM.Deploy.0 = Release|ARM
		{172BB398-186E-4274-A7AA-53F785555456}.Release|iPhone.ActiveCfg = Release|x64
		{172BB398-186E-4274-A7AA-53F785555456}.Release|iPhone.Build.0 = Release|x64
		{172BB398-186E-4274-A7AA-53F785555456}.Release|iPhone.Deploy.0 = Release|x64
		{172BB398-186E-4274-A7AA-53F785555456}.Release|iPhoneSimulator.ActiveCfg = Release|x64
		{172BB398-186E-4274-A7AA-53F785555456}.Release|iPhoneSimulator.Build.0 = Release|x64
		{172BB398-186E-4274-A7AA-53F785555456}.Release|iPhoneSimulator.Deploy.0 = Release|x64
		{172BB398-186E-4274-A7AA-53F785555456}.Release|x64.ActiveCfg = Release|x64
		{172BB398-186E-4274-A7AA-53F785555456}.Release|x64.Build.0 = Release|x64
		{172BB398-186E-4274-A7AA-53F785555456}.Release|x64.Deploy.0 = Release|x64
		{172BB398-186E-4274-A7AA-53F785555456}.Release|x86.ActiveCfg = Release|x86
		{172BB398-186E-4274-A7AA-53F785555456}.Release|x86.Build.0 = Release|x86
		{172BB398-186E-4274-A7AA-53F785555456}.Release|x86.Deploy.0 = Release|x86
		{F2CFF215-8B91-44FB-9563-7BB8E79B2D16}.Debug|Any CPU.ActiveCfg = Debug|Any CPU
		{F2CFF215-8B91-44FB-9563-7BB8E79B2D16}.Debug|Any CPU.Build.0 = Debug|Any CPU
		{F2CFF215-8B91-44FB-9563-7BB8E79B2D16}.Debug|Any CPU.Deploy.0 = Debug|Any CPU
		{F2CFF215-8B91-44FB-9563-7BB8E79B2D16}.Debug|ARM.ActiveCfg = Debug|Any CPU
		{F2CFF215-8B91-44FB-9563-7BB8E79B2D16}.Debug|ARM.Build.0 = Debug|Any CPU
		{F2CFF215-8B91-44FB-9563-7BB8E79B2D16}.Debug|ARM.Deploy.0 = Debug|Any CPU
		{F2CFF215-8B91-44FB-9563-7BB8E79B2D16}.Debug|iPhone.ActiveCfg = Debug|Any CPU
		{F2CFF215-8B91-44FB-9563-7BB8E79B2D16}.Debug|iPhone.Build.0 = Debug|Any CPU
		{F2CFF215-8B91-44FB-9563-7BB8E79B2D16}.Debug|iPhone.Deploy.0 = Debug|Any CPU
		{F2CFF215-8B91-44FB-9563-7BB8E79B2D16}.Debug|iPhoneSimulator.ActiveCfg = Debug|Any CPU
		{F2CFF215-8B91-44FB-9563-7BB8E79B2D16}.Debug|iPhoneSimulator.Build.0 = Debug|Any CPU
		{F2CFF215-8B91-44FB-9563-7BB8E79B2D16}.Debug|iPhoneSimulator.Deploy.0 = Debug|Any CPU
		{F2CFF215-8B91-44FB-9563-7BB8E79B2D16}.Debug|x64.ActiveCfg = Debug|Any CPU
		{F2CFF215-8B91-44FB-9563-7BB8E79B2D16}.Debug|x64.Build.0 = Debug|Any CPU
		{F2CFF215-8B91-44FB-9563-7BB8E79B2D16}.Debug|x64.Deploy.0 = Debug|Any CPU
		{F2CFF215-8B91-44FB-9563-7BB8E79B2D16}.Debug|x86.ActiveCfg = Debug|Any CPU
		{F2CFF215-8B91-44FB-9563-7BB8E79B2D16}.Debug|x86.Build.0 = Debug|Any CPU
		{F2CFF215-8B91-44FB-9563-7BB8E79B2D16}.Debug|x86.Deploy.0 = Debug|Any CPU
		{F2CFF215-8B91-44FB-9563-7BB8E79B2D16}.Release|Any CPU.ActiveCfg = Release|Any CPU
		{F2CFF215-8B91-44FB-9563-7BB8E79B2D16}.Release|Any CPU.Build.0 = Release|Any CPU
		{F2CFF215-8B91-44FB-9563-7BB8E79B2D16}.Release|Any CPU.Deploy.0 = Release|Any CPU
		{F2CFF215-8B91-44FB-9563-7BB8E79B2D16}.Release|ARM.ActiveCfg = Release|Any CPU
		{F2CFF215-8B91-44FB-9563-7BB8E79B2D16}.Release|ARM.Build.0 = Release|Any CPU
		{F2CFF215-8B91-44FB-9563-7BB8E79B2D16}.Release|ARM.Deploy.0 = Release|Any CPU
		{F2CFF215-8B91-44FB-9563-7BB8E79B2D16}.Release|iPhone.ActiveCfg = Release|Any CPU
		{F2CFF215-8B91-44FB-9563-7BB8E79B2D16}.Release|iPhone.Build.0 = Release|Any CPU
		{F2CFF215-8B91-44FB-9563-7BB8E79B2D16}.Release|iPhone.Deploy.0 = Release|Any CPU
		{F2CFF215-8B91-44FB-9563-7BB8E79B2D16}.Release|iPhoneSimulator.ActiveCfg = Release|Any CPU
		{F2CFF215-8B91-44FB-9563-7BB8E79B2D16}.Release|iPhoneSimulator.Build.0 = Release|Any CPU
		{F2CFF215-8B91-44FB-9563-7BB8E79B2D16}.Release|iPhoneSimulator.Deploy.0 = Release|Any CPU
		{F2CFF215-8B91-44FB-9563-7BB8E79B2D16}.Release|x64.ActiveCfg = Release|Any CPU
		{F2CFF215-8B91-44FB-9563-7BB8E79B2D16}.Release|x64.Build.0 = Release|Any CPU
		{F2CFF215-8B91-44FB-9563-7BB8E79B2D16}.Release|x64.Deploy.0 = Release|Any CPU
		{F2CFF215-8B91-44FB-9563-7BB8E79B2D16}.Release|x86.ActiveCfg = Release|Any CPU
		{F2CFF215-8B91-44FB-9563-7BB8E79B2D16}.Release|x86.Build.0 = Release|Any CPU
		{F2CFF215-8B91-44FB-9563-7BB8E79B2D16}.Release|x86.Deploy.0 = Release|Any CPU
		{31A05FEE-0EDC-4205-BEE1-C2EBD0E7DEDF}.Debug|Any CPU.ActiveCfg = Debug|iPhoneSimulator
		{31A05FEE-0EDC-4205-BEE1-C2EBD0E7DEDF}.Debug|Any CPU.Build.0 = Debug|iPhoneSimulator
		{31A05FEE-0EDC-4205-BEE1-C2EBD0E7DEDF}.Debug|Any CPU.Deploy.0 = Debug|iPhoneSimulator
		{31A05FEE-0EDC-4205-BEE1-C2EBD0E7DEDF}.Debug|ARM.ActiveCfg = Debug|iPhoneSimulator
		{31A05FEE-0EDC-4205-BEE1-C2EBD0E7DEDF}.Debug|ARM.Build.0 = Debug|iPhoneSimulator
		{31A05FEE-0EDC-4205-BEE1-C2EBD0E7DEDF}.Debug|ARM.Deploy.0 = Debug|iPhoneSimulator
		{31A05FEE-0EDC-4205-BEE1-C2EBD0E7DEDF}.Debug|iPhone.ActiveCfg = Debug|iPhone
		{31A05FEE-0EDC-4205-BEE1-C2EBD0E7DEDF}.Debug|iPhone.Build.0 = Debug|iPhone
		{31A05FEE-0EDC-4205-BEE1-C2EBD0E7DEDF}.Debug|iPhone.Deploy.0 = Debug|iPhone
		{31A05FEE-0EDC-4205-BEE1-C2EBD0E7DEDF}.Debug|iPhoneSimulator.ActiveCfg = Debug|iPhoneSimulator
		{31A05FEE-0EDC-4205-BEE1-C2EBD0E7DEDF}.Debug|iPhoneSimulator.Build.0 = Debug|iPhoneSimulator
		{31A05FEE-0EDC-4205-BEE1-C2EBD0E7DEDF}.Debug|iPhoneSimulator.Deploy.0 = Debug|iPhoneSimulator
		{31A05FEE-0EDC-4205-BEE1-C2EBD0E7DEDF}.Debug|x64.ActiveCfg = Debug|iPhone
		{31A05FEE-0EDC-4205-BEE1-C2EBD0E7DEDF}.Debug|x64.Build.0 = Debug|iPhone
		{31A05FEE-0EDC-4205-BEE1-C2EBD0E7DEDF}.Debug|x64.Deploy.0 = Debug|iPhone
		{31A05FEE-0EDC-4205-BEE1-C2EBD0E7DEDF}.Debug|x86.ActiveCfg = Debug|iPhoneSimulator
		{31A05FEE-0EDC-4205-BEE1-C2EBD0E7DEDF}.Debug|x86.Build.0 = Debug|iPhoneSimulator
		{31A05FEE-0EDC-4205-BEE1-C2EBD0E7DEDF}.Debug|x86.Deploy.0 = Debug|iPhoneSimulator
		{31A05FEE-0EDC-4205-BEE1-C2EBD0E7DEDF}.Release|Any CPU.ActiveCfg = Release|iPhoneSimulator
		{31A05FEE-0EDC-4205-BEE1-C2EBD0E7DEDF}.Release|Any CPU.Build.0 = Release|iPhoneSimulator
		{31A05FEE-0EDC-4205-BEE1-C2EBD0E7DEDF}.Release|Any CPU.Deploy.0 = Release|iPhoneSimulator
		{31A05FEE-0EDC-4205-BEE1-C2EBD0E7DEDF}.Release|ARM.ActiveCfg = Release|iPhoneSimulator
		{31A05FEE-0EDC-4205-BEE1-C2EBD0E7DEDF}.Release|ARM.Build.0 = Release|iPhoneSimulator
		{31A05FEE-0EDC-4205-BEE1-C2EBD0E7DEDF}.Release|ARM.Deploy.0 = Release|iPhoneSimulator
		{31A05FEE-0EDC-4205-BEE1-C2EBD0E7DEDF}.Release|iPhone.ActiveCfg = Release|iPhone
		{31A05FEE-0EDC-4205-BEE1-C2EBD0E7DEDF}.Release|iPhone.Build.0 = Release|iPhone
		{31A05FEE-0EDC-4205-BEE1-C2EBD0E7DEDF}.Release|iPhone.Deploy.0 = Release|iPhone
		{31A05FEE-0EDC-4205-BEE1-C2EBD0E7DEDF}.Release|iPhoneSimulator.ActiveCfg = Release|iPhoneSimulator
		{31A05FEE-0EDC-4205-BEE1-C2EBD0E7DEDF}.Release|iPhoneSimulator.Build.0 = Release|iPhoneSimulator
		{31A05FEE-0EDC-4205-BEE1-C2EBD0E7DEDF}.Release|iPhoneSimulator.Deploy.0 = Release|iPhoneSimulator
		{31A05FEE-0EDC-4205-BEE1-C2EBD0E7DEDF}.Release|x64.ActiveCfg = Release|iPhoneSimulator
		{31A05FEE-0EDC-4205-BEE1-C2EBD0E7DEDF}.Release|x64.Build.0 = Release|iPhoneSimulator
		{31A05FEE-0EDC-4205-BEE1-C2EBD0E7DEDF}.Release|x64.Deploy.0 = Release|iPhoneSimulator
		{31A05FEE-0EDC-4205-BEE1-C2EBD0E7DEDF}.Release|x86.ActiveCfg = Release|iPhoneSimulator
		{31A05FEE-0EDC-4205-BEE1-C2EBD0E7DEDF}.Release|x86.Build.0 = Release|iPhoneSimulator
		{31A05FEE-0EDC-4205-BEE1-C2EBD0E7DEDF}.Release|x86.Deploy.0 = Release|iPhoneSimulator
		{7243E63E-BAAA-4FDA-811A-07A1B56749F1}.Debug|Any CPU.ActiveCfg = Debug|Any CPU
		{7243E63E-BAAA-4FDA-811A-07A1B56749F1}.Debug|Any CPU.Build.0 = Debug|Any CPU
		{7243E63E-BAAA-4FDA-811A-07A1B56749F1}.Debug|Any CPU.Deploy.0 = Debug|Any CPU
		{7243E63E-BAAA-4FDA-811A-07A1B56749F1}.Debug|ARM.ActiveCfg = Debug|Any CPU
		{7243E63E-BAAA-4FDA-811A-07A1B56749F1}.Debug|ARM.Build.0 = Debug|Any CPU
		{7243E63E-BAAA-4FDA-811A-07A1B56749F1}.Debug|ARM.Deploy.0 = Debug|Any CPU
		{7243E63E-BAAA-4FDA-811A-07A1B56749F1}.Debug|iPhone.ActiveCfg = Debug|Any CPU
		{7243E63E-BAAA-4FDA-811A-07A1B56749F1}.Debug|iPhone.Build.0 = Debug|Any CPU
		{7243E63E-BAAA-4FDA-811A-07A1B56749F1}.Debug|iPhone.Deploy.0 = Debug|Any CPU
		{7243E63E-BAAA-4FDA-811A-07A1B56749F1}.Debug|iPhoneSimulator.ActiveCfg = Debug|Any CPU
		{7243E63E-BAAA-4FDA-811A-07A1B56749F1}.Debug|iPhoneSimulator.Build.0 = Debug|Any CPU
		{7243E63E-BAAA-4FDA-811A-07A1B56749F1}.Debug|iPhoneSimulator.Deploy.0 = Debug|Any CPU
		{7243E63E-BAAA-4FDA-811A-07A1B56749F1}.Debug|x64.ActiveCfg = Debug|Any CPU
		{7243E63E-BAAA-4FDA-811A-07A1B56749F1}.Debug|x64.Build.0 = Debug|Any CPU
		{7243E63E-BAAA-4FDA-811A-07A1B56749F1}.Debug|x64.Deploy.0 = Debug|Any CPU
		{7243E63E-BAAA-4FDA-811A-07A1B56749F1}.Debug|x86.ActiveCfg = Debug|Any CPU
		{7243E63E-BAAA-4FDA-811A-07A1B56749F1}.Debug|x86.Build.0 = Debug|Any CPU
		{7243E63E-BAAA-4FDA-811A-07A1B56749F1}.Debug|x86.Deploy.0 = Debug|Any CPU
		{7243E63E-BAAA-4FDA-811A-07A1B56749F1}.Release|Any CPU.ActiveCfg = Release|Any CPU
		{7243E63E-BAAA-4FDA-811A-07A1B56749F1}.Release|Any CPU.Build.0 = Release|Any CPU
		{7243E63E-BAAA-4FDA-811A-07A1B56749F1}.Release|Any CPU.Deploy.0 = Release|Any CPU
		{7243E63E-BAAA-4FDA-811A-07A1B56749F1}.Release|ARM.ActiveCfg = Release|Any CPU
		{7243E63E-BAAA-4FDA-811A-07A1B56749F1}.Release|ARM.Build.0 = Release|Any CPU
		{7243E63E-BAAA-4FDA-811A-07A1B56749F1}.Release|ARM.Deploy.0 = Release|Any CPU
		{7243E63E-BAAA-4FDA-811A-07A1B56749F1}.Release|iPhone.ActiveCfg = Release|Any CPU
		{7243E63E-BAAA-4FDA-811A-07A1B56749F1}.Release|iPhone.Build.0 = Release|Any CPU
		{7243E63E-BAAA-4FDA-811A-07A1B56749F1}.Release|iPhone.Deploy.0 = Release|Any CPU
		{7243E63E-BAAA-4FDA-811A-07A1B56749F1}.Release|iPhoneSimulator.ActiveCfg = Release|Any CPU
		{7243E63E-BAAA-4FDA-811A-07A1B56749F1}.Release|iPhoneSimulator.Build.0 = Release|Any CPU
		{7243E63E-BAAA-4FDA-811A-07A1B56749F1}.Release|iPhoneSimulator.Deploy.0 = Release|Any CPU
		{7243E63E-BAAA-4FDA-811A-07A1B56749F1}.Release|x64.ActiveCfg = Release|Any CPU
		{7243E63E-BAAA-4FDA-811A-07A1B56749F1}.Release|x64.Build.0 = Release|Any CPU
		{7243E63E-BAAA-4FDA-811A-07A1B56749F1}.Release|x64.Deploy.0 = Release|Any CPU
		{7243E63E-BAAA-4FDA-811A-07A1B56749F1}.Release|x86.ActiveCfg = Release|Any CPU
		{7243E63E-BAAA-4FDA-811A-07A1B56749F1}.Release|x86.Build.0 = Release|Any CPU
		{7243E63E-BAAA-4FDA-811A-07A1B56749F1}.Release|x86.Deploy.0 = Release|Any CPU
	EndGlobalSection
	GlobalSection(SolutionProperties) = preSolution
		HideSolutionNode = FALSE
	EndGlobalSection
	GlobalSection(ExtensibilityGlobals) = postSolution
		SolutionGuid = {4427F117-BFDA-405B-862F-D2D7E498A9DB}
	EndGlobalSection
EndGlobal
